// !$*UTF8*$!
{
	archiveVersion = 1;
	classes = {
	};
	objectVersion = 50;
	objects = {

/* Begin PBXBuildFile section */
		846BC0822B24C9A4005F67FC /* AppDelegate.swift in Sources */ = {isa = PBXBuildFile; fileRef = 846BC0812B24C9A4005F67FC /* AppDelegate.swift */; };
		846BC0842B24C9A4005F67FC /* SceneDelegate.swift in Sources */ = {isa = PBXBuildFile; fileRef = 846BC0832B24C9A4005F67FC /* SceneDelegate.swift */; };
		846BC0862B24C9A4005F67FC /* ViewController.swift in Sources */ = {isa = PBXBuildFile; fileRef = 846BC0852B24C9A4005F67FC /* ViewController.swift */; };
		846BC0892B24C9A4005F67FC /* Main.storyboard in Resources */ = {isa = PBXBuildFile; fileRef = 846BC0872B24C9A4005F67FC /* Main.storyboard */; };
		846BC08B2B24C9A5005F67FC /* Assets.xcassets in Resources */ = {isa = PBXBuildFile; fileRef = 846BC08A2B24C9A5005F67FC /* Assets.xcassets */; };
		846BC08E2B24C9A5005F67FC /* LaunchScreen.storyboard in Resources */ = {isa = PBXBuildFile; fileRef = 846BC08C2B24C9A5005F67FC /* LaunchScreen.storyboard */; };
		846BC0992B24C9A5005F67FC /* SwiftLaba4_0Tests.swift in Sources */ = {isa = PBXBuildFile; fileRef = 846BC0982B24C9A5005F67FC /* SwiftLaba4_0Tests.swift */; };
		846BC0A42B24C9A5005F67FC /* SwiftLaba4_0UITests.swift in Sources */ = {isa = PBXBuildFile; fileRef = 846BC0A32B24C9A5005F67FC /* SwiftLaba4_0UITests.swift */; };
/* End PBXBuildFile section */

/* Begin PBXContainerItemProxy section */
		846BC0952B24C9A5005F67FC /* PBXContainerItemProxy */ = {
			isa = PBXContainerItemProxy;
			containerPortal = 846BC0762B24C9A4005F67FC /* Project object */;
			proxyType = 1;
			remoteGlobalIDString = 846BC07D2B24C9A4005F67FC;
			remoteInfo = SwiftLaba4_0;
		};
		846BC0A02B24C9A5005F67FC /* PBXContainerItemProxy */ = {
			isa = PBXContainerItemProxy;
			containerPortal = 846BC0762B24C9A4005F67FC /* Project object */;
			proxyType = 1;
			remoteGlobalIDString = 846BC07D2B24C9A4005F67FC;
			remoteInfo = SwiftLaba4_0;
		};
/* End PBXContainerItemProxy section */

/* Begin PBXFileReference section */
		846BC07E2B24C9A4005F67FC /* SwiftLaba4_0.app */ = {isa = PBXFileReference; explicitFileType = wrapper.application; includeInIndex = 0; path = SwiftLaba4_0.app; sourceTree = BUILT_PRODUCTS_DIR; };
		846BC0812B24C9A4005F67FC /* AppDelegate.swift */ = {isa = PBXFileReference; lastKnownFileType = sourcecode.swift; path = AppDelegate.swift; sourceTree = "<group>"; };
		846BC0832B24C9A4005F67FC /* SceneDelegate.swift */ = {isa = PBXFileReference; lastKnownFileType = sourcecode.swift; path = SceneDelegate.swift; sourceTree = "<group>"; };
		846BC0852B24C9A4005F67FC /* ViewController.swift */ = {isa = PBXFileReference; lastKnownFileType = sourcecode.swift; path = ViewController.swift; sourceTree = "<group>"; };
		846BC0882B24C9A4005F67FC /* Base */ = {isa = PBXFileReference; lastKnownFileType = file.storyboard; name = Base; path = Base.lproj/Main.storyboard; sourceTree = "<group>"; };
		846BC08A2B24C9A5005F67FC /* Assets.xcassets */ = {isa = PBXFileReference; lastKnownFileType = folder.assetcatalog; path = Assets.xcassets; sourceTree = "<group>"; };
		846BC08D2B24C9A5005F67FC /* Base */ = {isa = PBXFileReference; lastKnownFileType = file.storyboard; name = Base; path = Base.lproj/LaunchScreen.storyboard; sourceTree = "<group>"; };
		846BC08F2B24C9A5005F67FC /* Info.plist */ = {isa = PBXFileReference; lastKnownFileType = text.plist.xml; path = Info.plist; sourceTree = "<group>"; };
		846BC0942B24C9A5005F67FC /* SwiftLaba4_0Tests.xctest */ = {isa = PBXFileReference; explicitFileType = wrapper.cfbundle; includeInIndex = 0; path = SwiftLaba4_0Tests.xctest; sourceTree = BUILT_PRODUCTS_DIR; };
		846BC0982B24C9A5005F67FC /* SwiftLaba4_0Tests.swift */ = {isa = PBXFileReference; lastKnownFileType = sourcecode.swift; path = SwiftLaba4_0Tests.swift; sourceTree = "<group>"; };
		846BC09A2B24C9A5005F67FC /* Info.plist */ = {isa = PBXFileReference; lastKnownFileType = text.plist.xml; path = Info.plist; sourceTree = "<group>"; };
		846BC09F2B24C9A5005F67FC /* SwiftLaba4_0UITests.xctest */ = {isa = PBXFileReference; explicitFileType = wrapper.cfbundle; includeInIndex = 0; path = SwiftLaba4_0UITests.xctest; sourceTree = BUILT_PRODUCTS_DIR; };
		846BC0A32B24C9A5005F67FC /* SwiftLaba4_0UITests.swift */ = {isa = PBXFileReference; lastKnownFileType = sourcecode.swift; path = SwiftLaba4_0UITests.swift; sourceTree = "<group>"; };
		846BC0A52B24C9A5005F67FC /* Info.plist */ = {isa = PBXFileReference; lastKnownFileType = text.plist.xml; path = Info.plist; sourceTree = "<group>"; };
/* End PBXFileReference section */

/* Begin PBXFrameworksBuildPhase section */
		846BC07B2B24C9A4005F67FC /* Frameworks */ = {
			isa = PBXFrameworksBuildPhase;
			buildActionMask = 2147483647;
			files = (
			);
			runOnlyForDeploymentPostprocessing = 0;
		};
		846BC0912B24C9A5005F67FC /* Frameworks */ = {
			isa = PBXFrameworksBuildPhase;
			buildActionMask = 2147483647;
			files = (
			);
			runOnlyForDeploymentPostprocessing = 0;
		};
		846BC09C2B24C9A5005F67FC /* Frameworks */ = {
			isa = PBXFrameworksBuildPhase;
			buildActionMask = 2147483647;
			files = (
			);
			runOnlyForDeploymentPostprocessing = 0;
		};
/* End PBXFrameworksBuildPhase section */

/* Begin PBXGroup section */
		846BC0752B24C9A4005F67FC = {
			isa = PBXGroup;
			children = (
				846BC0802B24C9A4005F67FC /* SwiftLaba4_0 */,
				846BC0972B24C9A5005F67FC /* SwiftLaba4_0Tests */,
				846BC0A22B24C9A5005F67FC /* SwiftLaba4_0UITests */,
				846BC07F2B24C9A4005F67FC /* Products */,
			);
			sourceTree = "<group>";
		};
		846BC07F2B24C9A4005F67FC /* Products */ = {
			isa = PBXGroup;
			children = (
				846BC07E2B24C9A4005F67FC /* SwiftLaba4_0.app */,
				846BC0942B24C9A5005F67FC /* SwiftLaba4_0Tests.xctest */,
				846BC09F2B24C9A5005F67FC /* SwiftLaba4_0UITests.xctest */,
			);
			name = Products;
			sourceTree = "<group>";
		};
		846BC0802B24C9A4005F67FC /* SwiftLaba4_0 */ = {
			isa = PBXGroup;
			children = (
				846BC0812B24C9A4005F67FC /* AppDelegate.swift */,
				846BC0832B24C9A4005F67FC /* SceneDelegate.swift */,
				846BC0852B24C9A4005F67FC /* ViewController.swift */,
				846BC0872B24C9A4005F67FC /* Main.storyboard */,
				846BC08A2B24C9A5005F67FC /* Assets.xcassets */,
				846BC08C2B24C9A5005F67FC /* LaunchScreen.storyboard */,
				846BC08F2B24C9A5005F67FC /* Info.plist */,
			);
			path = SwiftLaba4_0;
			sourceTree = "<group>";
		};
		846BC0972B24C9A5005F67FC /* SwiftLaba4_0Tests */ = {
			isa = PBXGroup;
			children = (
				846BC0982B24C9A5005F67FC /* SwiftLaba4_0Tests.swift */,
				846BC09A2B24C9A5005F67FC /* Info.plist */,
			);
			path = SwiftLaba4_0Tests;
			sourceTree = "<group>";
		};
		846BC0A22B24C9A5005F67FC /* SwiftLaba4_0UITests */ = {
			isa = PBXGroup;
			children = (
				846BC0A32B24C9A5005F67FC /* SwiftLaba4_0UITests.swift */,
				846BC0A52B24C9A5005F67FC /* Info.plist */,
			);
			path = SwiftLaba4_0UITests;
			sourceTree = "<group>";
		};
/* End PBXGroup section */

/* Begin PBXNativeTarget section */
		846BC07D2B24C9A4005F67FC /* SwiftLaba4_0 */ = {
			isa = PBXNativeTarget;
			buildConfigurationList = 846BC0A82B24C9A5005F67FC /* Build configuration list for PBXNativeTarget "SwiftLaba4_0" */;
			buildPhases = (
				846BC07A2B24C9A4005F67FC /* Sources */,
				846BC07B2B24C9A4005F67FC /* Frameworks */,
				846BC07C2B24C9A4005F67FC /* Resources */,
			);
			buildRules = (
			);
			dependencies = (
			);
			name = SwiftLaba4_0;
			productName = SwiftLaba4_0;
			productReference = 846BC07E2B24C9A4005F67FC /* SwiftLaba4_0.app */;
			productType = "com.apple.product-type.application";
		};
		846BC0932B24C9A5005F67FC /* SwiftLaba4_0Tests */ = {
			isa = PBXNativeTarget;
			buildConfigurationList = 846BC0AB2B24C9A5005F67FC /* Build configuration list for PBXNativeTarget "SwiftLaba4_0Tests" */;
			buildPhases = (
				846BC0902B24C9A5005F67FC /* Sources */,
				846BC0912B24C9A5005F67FC /* Frameworks */,
				846BC0922B24C9A5005F67FC /* Resources */,
			);
			buildRules = (
			);
			dependencies = (
				846BC0962B24C9A5005F67FC /* PBXTargetDependency */,
			);
			name = SwiftLaba4_0Tests;
			productName = SwiftLaba4_0Tests;
			productReference = 846BC0942B24C9A5005F67FC /* SwiftLaba4_0Tests.xctest */;
			productType = "com.apple.product-type.bundle.unit-test";
		};
		846BC09E2B24C9A5005F67FC /* SwiftLaba4_0UITests */ = {
			isa = PBXNativeTarget;
			buildConfigurationList = 846BC0AE2B24C9A5005F67FC /* Build configuration list for PBXNativeTarget "SwiftLaba4_0UITests" */;
			buildPhases = (
				846BC09B2B24C9A5005F67FC /* Sources */,
				846BC09C2B24C9A5005F67FC /* Frameworks */,
				846BC09D2B24C9A5005F67FC /* Resources */,
			);
			buildRules = (
			);
			dependencies = (
				846BC0A12B24C9A5005F67FC /* PBXTargetDependency */,
			);
			name = SwiftLaba4_0UITests;
			productName = SwiftLaba4_0UITests;
			productReference = 846BC09F2B24C9A5005F67FC /* SwiftLaba4_0UITests.xctest */;
			productType = "com.apple.product-type.bundle.ui-testing";
		};
/* End PBXNativeTarget section */

/* Begin PBXProject section */
		846BC0762B24C9A4005F67FC /* Project object */ = {
			isa = PBXProject;
			attributes = {
				LastSwiftUpdateCheck = 1130;
				LastUpgradeCheck = 1130;
				ORGANIZATIONNAME = "Admin\U0010\U0010";
				TargetAttributes = {
					846BC07D2B24C9A4005F67FC = {
						CreatedOnToolsVersion = 11.3.1;
					};
					846BC0932B24C9A5005F67FC = {
						CreatedOnToolsVersion = 11.3.1;
						TestTargetID = 846BC07D2B24C9A4005F67FC;
					};
					846BC09E2B24C9A5005F67FC = {
						CreatedOnToolsVersion = 11.3.1;
						TestTargetID = 846BC07D2B24C9A4005F67FC;
					};
				};
			};
			buildConfigurationList = 846BC0792B24C9A4005F67FC /* Build configuration list for PBXProject "SwiftLaba4_0" */;
			compatibilityVersion = "Xcode 9.3";
			developmentRegion = en;
			hasScannedForEncodings = 0;
			knownRegions = (
				en,
				Base,
			);
			mainGroup = 846BC0752B24C9A4005F67FC;
			productRefGroup = 846BC07F2B24C9A4005F67FC /* Products */;
			projectDirPath = "";
			projectRoot = "";
			targets = (
				846BC07D2B24C9A4005F67FC /* SwiftLaba4_0 */,
				846BC0932B24C9A5005F67FC /* SwiftLaba4_0Tests */,
				846BC09E2B24C9A5005F67FC /* SwiftLaba4_0UITests */,
			);
		};
/* End PBXProject section */

/* Begin PBXResourcesBuildPhase section */
		846BC07C2B24C9A4005F67FC /* Resources */ = {
			isa = PBXResourcesBuildPhase;
			buildActionMask = 2147483647;
			files = (
				846BC08E2B24C9A5005F67FC /* LaunchScreen.storyboard in Resources */,
				846BC08B2B24C9A5005F67FC /* Assets.xcassets in Resources */,
				846BC0892B24C9A4005F67FC /* Main.storyboard in Resources */,
			);
			runOnlyForDeploymentPostprocessing = 0;
		};
		846BC0922B24C9A5005F67FC /* Resources */ = {
			isa = PBXResourcesBuildPhase;
			buildActionMask = 2147483647;
			files = (
			);
			runOnlyForDeploymentPostprocessing = 0;
		};
		846BC09D2B24C9A5005F67FC /* Resources */ = {
			isa = PBXResourcesBuildPhase;
			buildActionMask = 2147483647;
			files = (
			);
			runOnlyForDeploymentPostprocessing = 0;
		};
/* End PBXResourcesBuildPhase section */

/* Begin PBXSourcesBuildPhase section */
		846BC07A2B24C9A4005F67FC /* Sources */ = {
			isa = PBXSourcesBuildPhase;
			buildActionMask = 2147483647;
			files = (
				846BC0862B24C9A4005F67FC /* ViewController.swift in Sources */,
				846BC0822B24C9A4005F67FC /* AppDelegate.swift in Sources */,
				846BC0842B24C9A4005F67FC /* SceneDelegate.swift in Sources */,
			);
			runOnlyForDeploymentPostprocessing = 0;
		};
		846BC0902B24C9A5005F67FC /* Sources */ = {
			isa = PBXSourcesBuildPhase;
			buildActionMask = 2147483647;
			files = (
				846BC0992B24C9A5005F67FC /* SwiftLaba4_0Tests.swift in Sources */,
			);
			runOnlyForDeploymentPostprocessing = 0;
		};
		846BC09B2B24C9A5005F67FC /* Sources */ = {
			isa = PBXSourcesBuildPhase;
			buildActionMask = 2147483647;
			files = (
				846BC0A42B24C9A5005F67FC /* SwiftLaba4_0UITests.swift in Sources */,
			);
			runOnlyForDeploymentPostprocessing = 0;
		};
/* End PBXSourcesBuildPhase section */

/* Begin PBXTargetDependency section */
		846BC0962B24C9A5005F67FC /* PBXTargetDependency */ = {
			isa = PBXTargetDependency;
			target = 846BC07D2B24C9A4005F67FC /* SwiftLaba4_0 */;
			targetProxy = 846BC0952B24C9A5005F67FC /* PBXContainerItemProxy */;
		};
		846BC0A12B24C9A5005F67FC /* PBXTargetDependency */ = {
			isa = PBXTargetDependency;
			target = 846BC07D2B24C9A4005F67FC /* SwiftLaba4_0 */;
			targetProxy = 846BC0A02B24C9A5005F67FC /* PBXContainerItemProxy */;
		};
/* End PBXTargetDependency section */

/* Begin PBXVariantGroup section */
		846BC0872B24C9A4005F67FC /* Main.storyboard */ = {
			isa = PBXVariantGroup;
			children = (
				846BC0882B24C9A4005F67FC /* Base */,
			);
			name = Main.storyboard;
			sourceTree = "<group>";
		};
		846BC08C2B24C9A5005F67FC /* LaunchScreen.storyboard */ = {
			isa = PBXVariantGroup;
			children = (
				846BC08D2B24C9A5005F67FC /* Base */,
			);
			name = LaunchScreen.storyboard;
			sourceTree = "<group>";
		};
/* End PBXVariantGroup section */

/* Begin XCBuildConfiguration section */
		846BC0A62B24C9A5005F67FC /* Debug */ = {
			isa = XCBuildConfiguration;
			buildSettings = {
				ALWAYS_SEARCH_USER_PATHS = NO;
				CLANG_ANALYZER_NONNULL = YES;
				CLANG_ANALYZER_NUMBER_OBJECT_CONVERSION = YES_AGGRESSIVE;
				CLANG_CXX_LANGUAGE_STANDARD = "gnu++14";
				CLANG_CXX_LIBRARY = "libc++";
				CLANG_ENABLE_MODULES = YES;
				CLANG_ENABLE_OBJC_ARC = YES;
				CLANG_ENABLE_OBJC_WEAK = YES;
				CLANG_WARN_BLOCK_CAPTURE_AUTORELEASING = YES;
				CLANG_WARN_BOOL_CONVERSION = YES;
				CLANG_WARN_COMMA = YES;
				CLANG_WARN_CONSTANT_CONVERSION = YES;
				CLANG_WARN_DEPRECATED_OBJC_IMPLEMENTATIONS = YES;
				CLANG_WARN_DIRECT_OBJC_ISA_USAGE = YES_ERROR;
				CLANG_WARN_DOCUMENTATION_COMMENTS = YES;
				CLANG_WARN_EMPTY_BODY = YES;
				CLANG_WARN_ENUM_CONVERSION = YES;
				CLANG_WARN_INFINITE_RECURSION = YES;
				CLANG_WARN_INT_CONVERSION = YES;
				CLANG_WARN_NON_LITERAL_NULL_CONVERSION = YES;
				CLANG_WARN_OBJC_IMPLICIT_RETAIN_SELF = YES;
				CLANG_WARN_OBJC_LITERAL_CONVERSION = YES;
				CLANG_WARN_OBJC_ROOT_CLASS = YES_ERROR;
				CLANG_WARN_RANGE_LOOP_ANALYSIS = YES;
				CLANG_WARN_STRICT_PROTOTYPES = YES;
				CLANG_WARN_SUSPICIOUS_MOVE = YES;
				CLANG_WARN_UNGUARDED_AVAILABILITY = YES_AGGRESSIVE;
				CLANG_WARN_UNREACHABLE_CODE = YES;
				CLANG_WARN__DUPLICATE_METHOD_MATCH = YES;
				COPY_PHASE_STRIP = NO;
				DEBUG_INFORMATION_FORMAT = dwarf;
				ENABLE_STRICT_OBJC_MSGSEND = YES;
				ENABLE_TESTABILITY = YES;
				GCC_C_LANGUAGE_STANDARD = gnu11;
				GCC_DYNAMIC_NO_PIC = NO;
				GCC_NO_COMMON_BLOCKS = YES;
				GCC_OPTIMIZATION_LEVEL = 0;
				GCC_PREPROCESSOR_DEFINITIONS = (
					"DEBUG=1",
					"$(inherited)",
				);
				GCC_WARN_64_TO_32_BIT_CONVERSION = YES;
				GCC_WARN_ABOUT_RETURN_TYPE = YES_ERROR;
				GCC_WARN_UNDECLARED_SELECTOR = YES;
				GCC_WARN_UNINITIALIZED_AUTOS = YES_AGGRESSIVE;
				GCC_WARN_UNUSED_FUNCTION = YES;
				GCC_WARN_UNUSED_VARIABLE = YES;
				IPHONEOS_DEPLOYMENT_TARGET = 13.2;
				MTL_ENABLE_DEBUG_INFO = INCLUDE_SOURCE;
				MTL_FAST_MATH = YES;
				ONLY_ACTIVE_ARCH = YES;
				SDKROOT = iphoneos;
				SWIFT_ACTIVE_COMPILATION_CONDITIONS = DEBUG;
				SWIFT_OPTIMIZATION_LEVEL = "-Onone";
			};
			name = Debug;
		};
		846BC0A72B24C9A5005F67FC /* Release */ = {
			isa = XCBuildConfiguration;
			buildSettings = {
				ALWAYS_SEARCH_USER_PATHS = NO;
				CLANG_ANALYZER_NONNULL = YES;
				CLANG_ANALYZER_NUMBER_OBJECT_CONVERSION = YES_AGGRESSIVE;
				CLANG_CXX_LANGUAGE_STANDARD = "gnu++14";
				CLANG_CXX_LIBRARY = "libc++";
				CLANG_ENABLE_MODULES = YES;
				CLANG_ENABLE_OBJC_ARC = YES;
				CLANG_ENABLE_OBJC_WEAK = YES;
				CLANG_WARN_BLOCK_CAPTURE_AUTORELEASING = YES;
				CLANG_WARN_BOOL_CONVERSION = YES;
				CLANG_WARN_COMMA = YES;
				CLANG_WARN_CONSTANT_CONVERSION = YES;
				CLANG_WARN_DEPRECATED_OBJC_IMPLEMENTATIONS = YES;
				CLANG_WARN_DIRECT_OBJC_ISA_USAGE = YES_ERROR;
				CLANG_WARN_DOCUMENTATION_COMMENTS = YES;
				CLANG_WARN_EMPTY_BODY = YES;
				CLANG_WARN_ENUM_CONVERSION = YES;
				CLANG_WARN_INFINITE_RECURSION = YES;
				CLANG_WARN_INT_CONVERSION = YES;
				CLANG_WARN_NON_LITERAL_NULL_CONVERSION = YES;
				CLANG_WARN_OBJC_IMPLICIT_RETAIN_SELF = YES;
				CLANG_WARN_OBJC_LITERAL_CONVERSION = YES;
				CLANG_WARN_OBJC_ROOT_CLASS = YES_ERROR;
				CLANG_WARN_RANGE_LOOP_ANALYSIS = YES;
				CLANG_WARN_STRICT_PROTOTYPES = YES;
				CLANG_WARN_SUSPICIOUS_MOVE = YES;
				CLANG_WARN_UNGUARDED_AVAILABILITY = YES_AGGRESSIVE;
				CLANG_WARN_UNREACHABLE_CODE = YES;
				CLANG_WARN__DUPLICATE_METHOD_MATCH = YES;
				COPY_PHASE_STRIP = NO;
				DEBUG_INFORMATION_FORMAT = "dwarf-with-dsym";
				ENABLE_NS_ASSERTIONS = NO;
				ENABLE_STRICT_OBJC_MSGSEND = YES;
				GCC_C_LANGUAGE_STANDARD = gnu11;
				GCC_NO_COMMON_BLOCKS = YES;
				GCC_WARN_64_TO_32_BIT_CONVERSION = YES;
				GCC_WARN_ABOUT_RETURN_TYPE = YES_ERROR;
				GCC_WARN_UNDECLARED_SELECTOR = YES;
				GCC_WARN_UNINITIALIZED_AUTOS = YES_AGGRESSIVE;
				GCC_WARN_UNUSED_FUNCTION = YES;
				GCC_WARN_UNUSED_VARIABLE = YES;
				IPHONEOS_DEPLOYMENT_TARGET = 13.2;
				MTL_ENABLE_DEBUG_INFO = NO;
				MTL_FAST_MATH = YES;
				SDKROOT = iphoneos;
				SWIFT_COMPILATION_MODE = wholemodule;
				SWIFT_OPTIMIZATION_LEVEL = "-O";
				VALIDATE_PRODUCT = YES;
			};
			name = Release;
		};
		846BC0A92B24C9A5005F67FC /* Debug */ = {
			isa = XCBuildConfiguration;
			buildSettings = {
				ASSETCATALOG_COMPILER_APPICON_NAME = AppIcon;
				CODE_SIGN_STYLE = Automatic;
				DEVELOPMENT_TEAM = ZA2APUUT4X;
				INFOPLIST_FILE = SwiftLaba4_0/Info.plist;
				LD_RUNPATH_SEARCH_PATHS = (
					"$(inherited)",
					"@executable_path/Frameworks",
				);
				PRODUCT_BUNDLE_IDENTIFIER = "com.ogcompany.SwiftLaba4-0";
				PRODUCT_NAME = "$(TARGET_NAME)";
				SWIFT_VERSION = 5.0;
				TARGETED_DEVICE_FAMILY = "1,2";
			};
			name = Debug;
		};
		846BC0AA2B24C9A5005F67FC /* Release */ = {
			isa = XCBuildConfiguration;
			buildSettings = {
				ASSETCATALOG_COMPILER_APPICON_NAME = AppIcon;
				CODE_SIGN_STYLE = Automatic;
				DEVELOPMENT_TEAM = ZA2APUUT4X;
				INFOPLIST_FILE = SwiftLaba4_0/Info.plist;
				LD_RUNPATH_SEARCH_PATHS = (
					"$(inherited)",
					"@executable_path/Frameworks",
				);
				PRODUCT_BUNDLE_IDENTIFIER = "com.ogcompany.SwiftLaba4-0";
				PRODUCT_NAME = "$(TARGET_NAME)";
				SWIFT_VERSION = 5.0;
				TARGETED_DEVICE_FAMILY = "1,2";
			};
			name = Release;
		};
		846BC0AC2B24C9A5005F67FC /* Debug */ = {
			isa = XCBuildConfiguration;
			buildSettings = {
				ALWAYS_EMBED_SWIFT_STANDARD_LIBRARIES = YES;
				BUNDLE_LOADER = "$(TEST_HOST)";
				CODE_SIGN_STYLE = Automatic;
				DEVELOPMENT_TEAM = ZA2APUUT4X;
				INFOPLIST_FILE = SwiftLaba4_0Tests/Info.plist;
				IPHONEOS_DEPLOYMENT_TARGET = 13.2;
				LD_RUNPATH_SEARCH_PATHS = (
					"$(inherited)",
					"@executable_path/Frameworks",
					"@loader_path/Frameworks",
				);
				PRODUCT_BUNDLE_IDENTIFIER = "com.ogcompany.SwiftLaba4-0Tests";
				PRODUCT_NAME = "$(TARGET_NAME)";
				SWIFT_VERSION = 5.0;
				TARGETED_DEVICE_FAMILY = "1,2";
				TEST_HOST = "$(BUILT_PRODUCTS_DIR)/SwiftLaba4_0.app/SwiftLaba4_0";
			};
			name = Debug;
		};
		846BC0AD2B24C9A5005F67FC /* Release */ = {
			isa = XCBuildConfiguration;
			buildSettings = {
				ALWAYS_EMBED_SWIFT_STANDARD_LIBRARIES = YES;
				BUNDLE_LOADER = "$(TEST_HOST)";
				CODE_SIGN_STYLE = Automatic;
				DEVELOPMENT_TEAM = ZA2APUUT4X;
				INFOPLIST_FILE = SwiftLaba4_0Tests/Info.plist;
				IPHONEOS_DEPLOYMENT_TARGET = 13.2;
				LD_RUNPATH_SEARCH_PATHS = (
					"$(inherited)",
					"@executable_path/Frameworks",
					"@loader_path/Frameworks",
				);
				PRODUCT_BUNDLE_IDENTIFIER = "com.ogcompany.SwiftLaba4-0Tests";
				PRODUCT_NAME = "$(TARGET_NAME)";
				SWIFT_VERSION = 5.0;
				TARGETED_DEVICE_FAMILY = "1,2";
				TEST_HOST = "$(BUILT_PRODUCTS_DIR)/SwiftLaba4_0.app/SwiftLaba4_0";
			};
			name = Release;
		};
		846BC0AF2B24C9A5005F67FC /* Debug */ = {
			isa = XCBuildConfiguration;
			buildSettings = {
				ALWAYS_EMBED_SWIFT_STANDARD_LIBRARIES = YES;
				CODE_SIGN_STYLE = Automatic;
				DEVELOPMENT_TEAM = ZA2APUUT4X;
				INFOPLIST_FILE = SwiftLaba4_0UITests/Info.plist;
				LD_RUNPATH_SEARCH_PATHS = (
					"$(inherited)",
					"@executable_path/Frameworks",
					"@loader_path/Frameworks",
				);
				PRODUCT_BUNDLE_IDENTIFIER = "com.ogcompany.SwiftLaba4-0UITests";
				PRODUCT_NAME = "$(TARGET_NAME)";
				SWIFT_VERSION = 5.0;
				TARGETED_DEVICE_FAMILY = "1,2";
				TEST_TARGET_NAME = SwiftLaba4_0;
			};
			name = Debug;
		};
		846BC0B02B24C9A5005F67FC /* Release */ = {
			isa = XCBuildConfiguration;
			buildSettings = {
				ALWAYS_EMBED_SWIFT_STANDARD_LIBRARIES = YES;
				CODE_SIGN_STYLE = Automatic;
				DEVELOPMENT_TEAM = ZA2APUUT4X;
				INFOPLIST_FILE = SwiftLaba4_0UITests/Info.plist;
				LD_RUNPATH_SEARCH_PATHS = (
					"$(inherited)",
					"@executable_path/Frameworks",
					"@loader_path/Frameworks",
				);
				PRODUCT_BUNDLE_IDENTIFIER = "com.ogcompany.SwiftLaba4-0UITests";
				PRODUCT_NAME = "$(TARGET_NAME)";
				SWIFT_VERSION = 5.0;
				TARGETED_DEVICE_FAMILY = "1,2";
				TEST_TARGET_NAME = SwiftLaba4_0;
			};
			name = Release;
		};
/* End XCBuildConfiguration section */

/* Begin XCConfigurationList section */
		846BC0792B24C9A4005F67FC /* Build configuration list for PBXProject "SwiftLaba4_0" */ = {
			isa = XCConfigurationList;
			buildConfigurations = (
				846BC0A62B24C9A5005F67FC /* Debug */,
				846BC0A72B24C9A5005F67FC /* Release */,
			);
			defaultConfigurationIsVisible = 0;
			defaultConfigurationName = Release;
		};
		846BC0A82B24C9A5005F67FC /* Build configuration list for PBXNativeTarget "SwiftLaba4_0" */ = {
			isa = XCConfigurationList;
			buildConfigurations = (
				846BC0A92B24C9A5005F67FC /* Debug */,
				846BC0AA2B24C9A5005F67FC /* Release */,
			);
			defaultConfigurationIsVisible = 0;
			defaultConfigurationName = Release;
		};
		846BC0AB2B24C9A5005F67FC /* Build configuration list for PBXNativeTarget "SwiftLaba4_0Tests" */ = {
			isa = XCConfigurationList;
			buildConfigurations = (
				846BC0AC2B24C9A5005F67FC /* Debug */,
				846BC0AD2B24C9A5005F67FC /* Release */,
			);
			defaultConfigurationIsVisible = 0;
			defaultConfigurationName = Release;
		};
		846BC0AE2B24C9A5005F67FC /* Build configuration list for PBXNativeTarget "SwiftLaba4_0UITests" */ = {
			isa = XCConfigurationList;
			buildConfigurations = (
				846BC0AF2B24C9A5005F67FC /* Debug */,
				846BC0B02B24C9A5005F67FC /* Release */,
			);
			defaultConfigurationIsVisible = 0;
			defaultConfigurationName = Release;
		};
/* End XCConfigurationList section */
	};
	rootObject = 846BC0762B24C9A4005F67FC /* Project object */;
}
